
Microsoft Visual Studio Solution File, Format Version 12.00
# Visual Studio Version 17
VisualStudioVersion = 17.9.34701.34
MinimumVisualStudioVersion = 10.0.40219.1
Project("{FAE04EC0-301F-11D3-BF4B-00C04F79EFBC}") = "AIDevs", "AIDevs\AIDevs.csproj", "{C9E50685-E93C-4BB9-9B12-A6E1DC2EBA02}"
EndProject
Global
	GlobalSection(SolutionConfigurationPlatforms) = preSolution
		Debug|Any CPU = Debug|Any CPU
		Release|Any CPU = Release|Any CPU
	EndGlobalSection
	GlobalSection(ProjectConfigurationPlatforms) = postSolution
		{C9E50685-E93C-4BB9-9B12-A6E1DC2EBA02}.Debug|Any CPU.ActiveCfg = Debug|Any CPU
		{C9E50685-E93C-4BB9-9B12-A6E1DC2EBA02}.Debug|Any CPU.Build.0 = Debug|Any CPU
		{C9E50685-E93C-4BB9-9B12-A6E1DC2EBA02}.Release|Any CPU.ActiveCfg = Release|Any CPU
		{C9E50685-E93C-4BB9-9B12-A6E1DC2EBA02}.Release|Any CPU.Build.0 = Release|Any CPU
	EndGlobalSection
	GlobalSection(SolutionProperties) = preSolution
		HideSolutionNode = FALSE
	EndGlobalSection
	GlobalSection(ExtensibilityGlobals) = postSolution
		SolutionGuid = {ED8C5AE3-7268-4DE8-83BB-C52956E6779D}
	EndGlobalSection
EndGlobal
